
Microsoft Visual Studio Solution File, Format Version 12.00
# Visual Studio Version 17
VisualStudioVersion = 17.12.35506.116 d17.12
MinimumVisualStudioVersion = 10.0.40219.1
Project("{FAE04EC0-301F-11D3-BF4B-00C04F79EFBC}") = "Calculator", "Calculator\Calculator.csproj", "{782C477D-AC8B-4B56-91D4-7A87EA29C730}"
EndProject
Project("{FAE04EC0-301F-11D3-BF4B-00C04F79EFBC}") = "Test", "ConsoleApp1\Test.csproj", "{D0DB3E2B-F042-4D8B-A1F6-401C87AA0259}"
EndProject
Global
	GlobalSection(SolutionConfigurationPlatforms) = preSolution
		Debug|Any CPU = Debug|Any CPU
		Release|Any CPU = Release|Any CPU
	EndGlobalSection
	GlobalSection(ProjectConfigurationPlatforms) = postSolution
		{782C477D-AC8B-4B56-91D4-7A87EA29C730}.Debug|Any CPU.ActiveCfg = Debug|Any CPU
		{782C477D-AC8B-4B56-91D4-7A87EA29C730}.Debug|Any CPU.Build.0 = Debug|Any CPU
		{782C477D-AC8B-4B56-91D4-7A87EA29C730}.Release|Any CPU.ActiveCfg = Release|Any CPU
		{782C477D-AC8B-4B56-91D4-7A87EA29C730}.Release|Any CPU.Build.0 = Release|Any CPU
		{D0DB3E2B-F042-4D8B-A1F6-401C87AA0259}.Debug|Any CPU.ActiveCfg = Debug|Any CPU
		{D0DB3E2B-F042-4D8B-A1F6-401C87AA0259}.Debug|Any CPU.Build.0 = Debug|Any CPU
		{D0DB3E2B-F042-4D8B-A1F6-401C87AA0259}.Release|Any CPU.ActiveCfg = Release|Any CPU
		{D0DB3E2B-F042-4D8B-A1F6-401C87AA0259}.Release|Any CPU.Build.0 = Release|Any CPU
	EndGlobalSection
	GlobalSection(SolutionProperties) = preSolution
		HideSolutionNode = FALSE
	EndGlobalSection
EndGlobal
